// !$*UTF8*$!
{
	archiveVersion = 1;
	classes = {
	};
	objectVersion = 46;
	objects = {

/* Begin PBXBuildFile section */
		7AC97FD2193E506A00B1B2CC /* AppDelegate.swift in Sources */ = {isa = PBXBuildFile; fileRef = 7AC97FD1193E506A00B1B2CC /* AppDelegate.swift */; };
		7AC97FD4193E506A00B1B2CC /* ViewController.swift in Sources */ = {isa = PBXBuildFile; fileRef = 7AC97FD3193E506A00B1B2CC /* ViewController.swift */; };
		7AC97FD7193E506A00B1B2CC /* Main.storyboard in Resources */ = {isa = PBXBuildFile; fileRef = 7AC97FD5193E506A00B1B2CC /* Main.storyboard */; };
		7AC97FD9193E506A00B1B2CC /* Images.xcassets in Resources */ = {isa = PBXBuildFile; fileRef = 7AC97FD8193E506A00B1B2CC /* Images.xcassets */; };
		7AC97FE5193E506A00B1B2CC /* SchwaftTests.swift in Sources */ = {isa = PBXBuildFile; fileRef = 7AC97FE4193E506A00B1B2CC /* SchwaftTests.swift */; };
/* End PBXBuildFile section */

/* Begin PBXContainerItemProxy section */
		7AC97FDF193E506A00B1B2CC /* PBXContainerItemProxy */ = {
			isa = PBXContainerItemProxy;
			containerPortal = 7AC97FC4193E506A00B1B2CC /* Project object */;
			proxyType = 1;
			remoteGlobalIDString = 7AC97FCB193E506A00B1B2CC;
			remoteInfo = Schwaft;
		};
/* End PBXContainerItemProxy section */

/* Begin PBXFileReference section */
		7AC97FCC193E506A00B1B2CC /* Schwaft.app */ = {isa = PBXFileReference; explicitFileType = wrapper.application; includeInIndex = 0; path = Schwaft.app; sourceTree = BUILT_PRODUCTS_DIR; };
		7AC97FD0193E506A00B1B2CC /* Info.plist */ = {isa = PBXFileReference; lastKnownFileType = text.plist.xml; path = Info.plist; sourceTree = "<group>"; };
		7AC97FD1193E506A00B1B2CC /* AppDelegate.swift */ = {isa = PBXFileReference; lastKnownFileType = sourcecode.swift; path = AppDelegate.swift; sourceTree = "<group>"; };
		7AC97FD3193E506A00B1B2CC /* ViewController.swift */ = {isa = PBXFileReference; lastKnownFileType = sourcecode.swift; path = ViewController.swift; sourceTree = "<group>"; };
		7AC97FD6193E506A00B1B2CC /* Base */ = {isa = PBXFileReference; lastKnownFileType = file.storyboard; name = Base; path = Base.lproj/Main.storyboard; sourceTree = "<group>"; };
		7AC97FD8193E506A00B1B2CC /* Images.xcassets */ = {isa = PBXFileReference; lastKnownFileType = folder.assetcatalog; path = Images.xcassets; sourceTree = "<group>"; };
		7AC97FDE193E506A00B1B2CC /* SchwaftTests.xctest */ = {isa = PBXFileReference; explicitFileType = wrapper.cfbundle; includeInIndex = 0; path = SchwaftTests.xctest; sourceTree = BUILT_PRODUCTS_DIR; };
		7AC97FE3193E506A00B1B2CC /* Info.plist */ = {isa = PBXFileReference; lastKnownFileType = text.plist.xml; path = Info.plist; sourceTree = "<group>"; };
		7AC97FE4193E506A00B1B2CC /* SchwaftTests.swift */ = {isa = PBXFileReference; lastKnownFileType = sourcecode.swift; path = SchwaftTests.swift; sourceTree = "<group>"; };
/* End PBXFileReference section */

/* Begin PBXFrameworksBuildPhase section */
		7AC97FC9193E506A00B1B2CC /* Frameworks */ = {
			isa = PBXFrameworksBuildPhase;
			buildActionMask = 2147483647;
			files = (
			);
			runOnlyForDeploymentPostprocessing = 0;
		};
		7AC97FDB193E506A00B1B2CC /* Frameworks */ = {
			isa = PBXFrameworksBuildPhase;
			buildActionMask = 2147483647;
			files = (
			);
			runOnlyForDeploymentPostprocessing = 0;
		};
/* End PBXFrameworksBuildPhase section */

/* Begin PBXGroup section */
		7AC97FC3193E506A00B1B2CC = {
			isa = PBXGroup;
			children = (
				7AC97FCE193E506A00B1B2CC /* Schwaft */,
				7AC97FE1193E506A00B1B2CC /* SchwaftTests */,
				7AC97FCD193E506A00B1B2CC /* Products */,
			);
			sourceTree = "<group>";
		};
		7AC97FCD193E506A00B1B2CC /* Products */ = {
			isa = PBXGroup;
			children = (
				7AC97FCC193E506A00B1B2CC /* Schwaft.app */,
				7AC97FDE193E506A00B1B2CC /* SchwaftTests.xctest */,
			);
			name = Products;
			sourceTree = "<group>";
		};
		7AC97FCE193E506A00B1B2CC /* Schwaft */ = {
			isa = PBXGroup;
			children = (
				7AC97FD1193E506A00B1B2CC /* AppDelegate.swift */,
				7AC97FD3193E506A00B1B2CC /* ViewController.swift */,
				7AC97FD5193E506A00B1B2CC /* Main.storyboard */,
				7AC97FD8193E506A00B1B2CC /* Images.xcassets */,
				7AC97FCF193E506A00B1B2CC /* Supporting Files */,
			);
			path = Schwaft;
			sourceTree = "<group>";
		};
		7AC97FCF193E506A00B1B2CC /* Supporting Files */ = {
			isa = PBXGroup;
			children = (
				7AC97FD0193E506A00B1B2CC /* Info.plist */,
			);
			name = "Supporting Files";
			sourceTree = "<group>";
		};
		7AC97FE1193E506A00B1B2CC /* SchwaftTests */ = {
			isa = PBXGroup;
			children = (
				7AC97FE4193E506A00B1B2CC /* SchwaftTests.swift */,
				7AC97FE2193E506A00B1B2CC /* Supporting Files */,
			);
			path = SchwaftTests;
			sourceTree = "<group>";
		};
		7AC97FE2193E506A00B1B2CC /* Supporting Files */ = {
			isa = PBXGroup;
			children = (
				7AC97FE3193E506A00B1B2CC /* Info.plist */,
			);
			name = "Supporting Files";
			sourceTree = "<group>";
		};
/* End PBXGroup section */

/* Begin PBXNativeTarget section */
		7AC97FCB193E506A00B1B2CC /* Schwaft */ = {
			isa = PBXNativeTarget;
			buildConfigurationList = 7AC97FE8193E506A00B1B2CC /* Build configuration list for PBXNativeTarget "Schwaft" */;
			buildPhases = (
				7AC97FC8193E506A00B1B2CC /* Sources */,
				7AC97FC9193E506A00B1B2CC /* Frameworks */,
				7AC97FCA193E506A00B1B2CC /* Resources */,
			);
			buildRules = (
			);
			dependencies = (
			);
			name = Schwaft;
			productName = Schwaft;
			productReference = 7AC97FCC193E506A00B1B2CC /* Schwaft.app */;
			productType = "com.apple.product-type.application";
		};
		7AC97FDD193E506A00B1B2CC /* SchwaftTests */ = {
			isa = PBXNativeTarget;
			buildConfigurationList = 7AC97FEB193E506A00B1B2CC /* Build configuration list for PBXNativeTarget "SchwaftTests" */;
			buildPhases = (
				7AC97FDA193E506A00B1B2CC /* Sources */,
				7AC97FDB193E506A00B1B2CC /* Frameworks */,
				7AC97FDC193E506A00B1B2CC /* Resources */,
			);
			buildRules = (
			);
			dependencies = (
				7AC97FE0193E506A00B1B2CC /* PBXTargetDependency */,
			);
			name = SchwaftTests;
			productName = SchwaftTests;
			productReference = 7AC97FDE193E506A00B1B2CC /* SchwaftTests.xctest */;
			productType = "com.apple.product-type.bundle.unit-test";
		};
/* End PBXNativeTarget section */

/* Begin PBXProject section */
		7AC97FC4193E506A00B1B2CC /* Project object */ = {
			isa = PBXProject;
			attributes = {
				LastUpgradeCheck = 0600;
				ORGANIZATIONNAME = "Seosamh Ó Cinnéide";
				TargetAttributes = {
					7AC97FCB193E506A00B1B2CC = {
						CreatedOnToolsVersion = 6.0;
					};
					7AC97FDD193E506A00B1B2CC = {
						CreatedOnToolsVersion = 6.0;
						TestTargetID = 7AC97FCB193E506A00B1B2CC;
					};
				};
			};
			buildConfigurationList = 7AC97FC7193E506A00B1B2CC /* Build configuration list for PBXProject "Schwaft" */;
			compatibilityVersion = "Xcode 3.2";
			developmentRegion = English;
			hasScannedForEncodings = 0;
			knownRegions = (
				en,
				Base,
			);
			mainGroup = 7AC97FC3193E506A00B1B2CC;
			productRefGroup = 7AC97FCD193E506A00B1B2CC /* Products */;
			projectDirPath = "";
			projectRoot = "";
			targets = (
				7AC97FCB193E506A00B1B2CC /* Schwaft */,
				7AC97FDD193E506A00B1B2CC /* SchwaftTests */,
			);
		};
/* End PBXProject section */

/* Begin PBXResourcesBuildPhase section */
		7AC97FCA193E506A00B1B2CC /* Resources */ = {
			isa = PBXResourcesBuildPhase;
			buildActionMask = 2147483647;
			files = (
				7AC97FD7193E506A00B1B2CC /* Main.storyboard in Resources */,
				7AC97FD9193E506A00B1B2CC /* Images.xcassets in Resources */,
			);
			runOnlyForDeploymentPostprocessing = 0;
		};
		7AC97FDC193E506A00B1B2CC /* Resources */ = {
			isa = PBXResourcesBuildPhase;
			buildActionMask = 2147483647;
			files = (
			);
			runOnlyForDeploymentPostprocessing = 0;
		};
/* End PBXResourcesBuildPhase section */

/* Begin PBXSourcesBuildPhase section */
		7AC97FC8193E506A00B1B2CC /* Sources */ = {
			isa = PBXSourcesBuildPhase;
			buildActionMask = 2147483647;
			files = (
				7AC97FD4193E506A00B1B2CC /* ViewController.swift in Sources */,
				7AC97FD2193E506A00B1B2CC /* AppDelegate.swift in Sources */,
			);
			runOnlyForDeploymentPostprocessing = 0;
		};
		7AC97FDA193E506A00B1B2CC /* Sources */ = {
			isa = PBXSourcesBuildPhase;
			buildActionMask = 2147483647;
			files = (
				7AC97FE5193E506A00B1B2CC /* SchwaftTests.swift in Sources */,
			);
			runOnlyForDeploymentPostprocessing = 0;
		};
/* End PBXSourcesBuildPhase section */

/* Begin PBXTargetDependency section */
		7AC97FE0193E506A00B1B2CC /* PBXTargetDependency */ = {
			isa = PBXTargetDependency;
			target = 7AC97FCB193E506A00B1B2CC /* Schwaft */;
			targetProxy = 7AC97FDF193E506A00B1B2CC /* PBXContainerItemProxy */;
		};
/* End PBXTargetDependency section */

/* Begin PBXVariantGroup section */
		7AC97FD5193E506A00B1B2CC /* Main.storyboard */ = {
			isa = PBXVariantGroup;
			children = (
				7AC97FD6193E506A00B1B2CC /* Base */,
			);
			name = Main.storyboard;
			sourceTree = "<group>";
		};
/* End PBXVariantGroup section */

/* Begin XCBuildConfiguration section */
		7AC97FE6193E506A00B1B2CC /* Debug */ = {
			isa = XCBuildConfiguration;
			buildSettings = {
				ALWAYS_SEARCH_USER_PATHS = NO;
				CLANG_CXX_LANGUAGE_STANDARD = "gnu++0x";
				CLANG_CXX_LIBRARY = "libc++";
				CLANG_ENABLE_MODULES = YES;
				CLANG_ENABLE_OBJC_ARC = YES;
				CLANG_WARN_BOOL_CONVERSION = YES;
				CLANG_WARN_CONSTANT_CONVERSION = YES;
				CLANG_WARN_DIRECT_OBJC_ISA_USAGE = YES_ERROR;
				CLANG_WARN_EMPTY_BODY = YES;
				CLANG_WARN_ENUM_CONVERSION = YES;
				CLANG_WARN_INT_CONVERSION = YES;
				CLANG_WARN_OBJC_ROOT_CLASS = YES_ERROR;
				CLANG_WARN_UNREACHABLE_CODE = YES;
				CLANG_WARN__DUPLICATE_METHOD_MATCH = YES;
				"CODE_SIGN_IDENTITY[sdk=iphoneos*]" = "iPhone Developer";
				COPY_PHASE_STRIP = NO;
				ENABLE_STRICT_OBJC_MSGSEND = YES;
				GCC_C_LANGUAGE_STANDARD = gnu99;
				GCC_DYNAMIC_NO_PIC = NO;
				GCC_OPTIMIZATION_LEVEL = 0;
				GCC_PREPROCESSOR_DEFINITIONS = (
					"DEBUG=1",
					"$(inherited)",
				);
				GCC_SYMBOLS_PRIVATE_EXTERN = NO;
				GCC_WARN_64_TO_32_BIT_CONVERSION = YES;
				GCC_WARN_ABOUT_RETURN_TYPE = YES_ERROR;
				GCC_WARN_UNDECLARED_SELECTOR = YES;
				GCC_WARN_UNINITIALIZED_AUTOS = YES_AGGRESSIVE;
				GCC_WARN_UNUSED_FUNCTION = YES;
				GCC_WARN_UNUSED_VARIABLE = YES;
				IPHONEOS_DEPLOYMENT_TARGET = 8.0;
				METAL_ENABLE_DEBUG_INFO = YES;
				ONLY_ACTIVE_ARCH = YES;
				SDKROOT = iphoneos;
				SWIFT_OPTIMIZATION_LEVEL = "-Onone";
				TARGETED_DEVICE_FAMILY = "1,2";
			};
			name = Debug;
		};
		7AC97FE7193E506A00B1B2CC /* Release */ = {
			isa = XCBuildConfiguration;
			buildSettings = {
				ALWAYS_SEARCH_USER_PATHS = NO;
				CLANG_CXX_LANGUAGE_STANDARD = "gnu++0x";
				CLANG_CXX_LIBRARY = "libc++";
				CLANG_ENABLE_MODULES = YES;
				CLANG_ENABLE_OBJC_ARC = YES;
				CLANG_WARN_BOOL_CONVERSION = YES;
				CLANG_WARN_CONSTANT_CONVERSION = YES;
				CLANG_WARN_DIRECT_OBJC_ISA_USAGE = YES_ERROR;
				CLANG_WARN_EMPTY_BODY = YES;
				CLANG_WARN_ENUM_CONVERSION = YES;
				CLANG_WARN_INT_CONVERSION = YES;
				CLANG_WARN_OBJC_ROOT_CLASS = YES_ERROR;
				CLANG_WARN_UNREACHABLE_CODE = YES;
				CLANG_WARN__DUPLICATE_METHOD_MATCH = YES;
				"CODE_SIGN_IDENTITY[sdk=iphoneos*]" = "iPhone Developer";
				COPY_PHASE_STRIP = YES;
				ENABLE_NS_ASSERTIONS = NO;
				ENABLE_STRICT_OBJC_MSGSEND = YES;
				GCC_C_LANGUAGE_STANDARD = gnu99;
				GCC_WARN_64_TO_32_BIT_CONVERSION = YES;
				GCC_WARN_ABOUT_RETURN_TYPE = YES_ERROR;
				GCC_WARN_UNDECLARED_SELECTOR = YES;
				GCC_WARN_UNINITIALIZED_AUTOS = YES_AGGRESSIVE;
				GCC_WARN_UNUSED_FUNCTION = YES;
				GCC_WARN_UNUSED_VARIABLE = YES;
				IPHONEOS_DEPLOYMENT_TARGET = 8.0;
				METAL_ENABLE_DEBUG_INFO = NO;
				SDKROOT = iphoneos;
				TARGETED_DEVICE_FAMILY = "1,2";
				VALIDATE_PRODUCT = YES;
			};
			name = Release;
		};
		7AC97FE9193E506A00B1B2CC /* Debug */ = {
			isa = XCBuildConfiguration;
			buildSettings = {
				ASSETCATALOG_COMPILER_APPICON_NAME = AppIcon;
				ASSETCATALOG_COMPILER_LAUNCHIMAGE_NAME = LaunchImage;
				INFOPLIST_FILE = Schwaft/Info.plist;
				LD_RUNPATH_SEARCH_PATHS = "$(inherited) @executable_path/Frameworks";
				PRODUCT_NAME = "$(TARGET_NAME)";
			};
			name = Debug;
		};
		7AC97FEA193E506A00B1B2CC /* Release */ = {
			isa = XCBuildConfiguration;
			buildSettings = {
				ASSETCATALOG_COMPILER_APPICON_NAME = AppIcon;
				ASSETCATALOG_COMPILER_LAUNCHIMAGE_NAME = LaunchImage;
				INFOPLIST_FILE = Schwaft/Info.plist;
				LD_RUNPATH_SEARCH_PATHS = "$(inherited) @executable_path/Frameworks";
				PRODUCT_NAME = "$(TARGET_NAME)";
			};
			name = Release;
		};
		7AC97FEC193E506A00B1B2CC /* Debug */ = {
			isa = XCBuildConfiguration;
			buildSettings = {
				BUNDLE_LOADER = "$(BUILT_PRODUCTS_DIR)/Schwaft.app/Schwaft";
				FRAMEWORK_SEARCH_PATHS = (
					"$(SDKROOT)/Developer/Library/Frameworks",
					"$(inherited)",
				);
				GCC_PREPROCESSOR_DEFINITIONS = (
					"DEBUG=1",
					"$(inherited)",
				);
				INFOPLIST_FILE = SchwaftTests/Info.plist;
				LD_RUNPATH_SEARCH_PATHS = "$(inherited) @executable_path/Frameworks @loader_path/Frameworks";
				METAL_ENABLE_DEBUG_INFO = YES;
				PRODUCT_NAME = "$(TARGET_NAME)";
				TEST_HOST = "$(BUNDLE_LOADER)";
			};
			name = Debug;
		};
		7AC97FED193E506A00B1B2CC /* Release */ = {
			isa = XCBuildConfiguration;
			buildSettings = {
				BUNDLE_LOADER = "$(BUILT_PRODUCTS_DIR)/Schwaft.app/Schwaft";
				FRAMEWORK_SEARCH_PATHS = (
					"$(SDKROOT)/Developer/Library/Frameworks",
					"$(inherited)",
				);
				INFOPLIST_FILE = SchwaftTests/Info.plist;
				LD_RUNPATH_SEARCH_PATHS = "$(inherited) @executable_path/Frameworks @loader_path/Frameworks";
				METAL_ENABLE_DEBUG_INFO = NO;
				PRODUCT_NAME = "$(TARGET_NAME)";
				TEST_HOST = "$(BUNDLE_LOADER)";
			};
			name = Release;
		};
/* End XCBuildConfiguration section */

/* Begin XCConfigurationList section */
		7AC97FC7193E506A00B1B2CC /* Build configuration list for PBXProject "Schwaft" */ = {
			isa = XCConfigurationList;
			buildConfigurations = (
				7AC97FE6193E506A00B1B2CC /* Debug */,
				7AC97FE7193E506A00B1B2CC /* Release */,
			);
			defaultConfigurationIsVisible = 0;
			defaultConfigurationName = Release;
		};
		7AC97FE8193E506A00B1B2CC /* Build configuration list for PBXNativeTarget "Schwaft" */ = {
			isa = XCConfigurationList;
			buildConfigurations = (
				7AC97FE9193E506A00B1B2CC /* Debug */,
				7AC97FEA193E506A00B1B2CC /* Release */,
			);
			defaultConfigurationIsVisible = 0;
		};
		7AC97FEB193E506A00B1B2CC /* Build configuration list for PBXNativeTarget "SchwaftTests" */ = {
			isa = XCConfigurationList;
			buildConfigurations = (
				7AC97FEC193E506A00B1B2CC /* Debug */,
				7AC97FED193E506A00B1B2CC /* Release */,
			);
			defaultConfigurationIsVisible = 0;
		};
/* End XCConfigurationList section */
	};
	rootObject = 7AC97FC4193E506A00B1B2CC /* Project object */;
}
